PODS:
  - Alamofire (5.6.1)
  - Firebase/Analytics (9.5.0):
    - Firebase/Core
  - Firebase/Core (9.5.0):
    - Firebase/CoreOnly
    - FirebaseAnalytics (~> 9.5.0)
  - Firebase/CoreOnly (9.5.0):
    - FirebaseCore (= 9.5.0)
  - Firebase/DynamicLinks (9.5.0):
    - Firebase/CoreOnly
    - FirebaseDynamicLinks (~> 9.5.0)
  - Firebase/Storage (9.5.0):
    - Firebase/CoreOnly
    - FirebaseStorage (~> 9.5.0)
  - firebase_analytics (9.3.6):
    - Firebase/Analytics (= 9.5.0)
    - firebase_core
    - Flutter
  - firebase_core (1.22.0):
    - Firebase/CoreOnly (= 9.5.0)
    - Flutter
  - firebase_dynamic_links (4.3.9):
    - Firebase/DynamicLinks (= 9.5.0)
    - firebase_core
    - Flutter
  - firebase_storage (10.3.8):
    - Firebase/Storage (= 9.5.0)
    - firebase_core
    - Flutter
  - FirebaseAnalytics (9.5.0):
    - FirebaseAnalytics/AdIdSupport (= 9.5.0)
    - FirebaseCore (~> 9.0)
    - FirebaseInstallations (~> 9.0)
    - GoogleUtilities/AppDelegateSwizzler (~> 7.7)
    - GoogleUtilities/MethodSwizzler (~> 7.7)
    - GoogleUtilities/Network (~> 7.7)
    - "GoogleUtilities/NSData+zlib (~> 7.7)"
    - nanopb (< 2.30910.0, >= 2.30908.0)
  - FirebaseAnalytics/AdIdSupport (9.5.0):
    - FirebaseCore (~> 9.0)
    - FirebaseInstallations (~> 9.0)
    - GoogleAppMeasurement (= 9.5.0)
    - GoogleUtilities/AppDelegateSwizzler (~> 7.7)
    - GoogleUtilities/MethodSwizzler (~> 7.7)
    - GoogleUtilities/Network (~> 7.7)
    - "GoogleUtilities/NSData+zlib (~> 7.7)"
    - nanopb (< 2.30910.0, >= 2.30908.0)
  - FirebaseAppCheckInterop (9.5.0)
  - FirebaseAuthInterop (9.5.0)
  - FirebaseCore (9.5.0):
    - FirebaseCoreDiagnostics (~> 9.0)
    - FirebaseCoreInternal (~> 9.0)
    - GoogleUtilities/Environment (~> 7.7)
    - GoogleUtilities/Logger (~> 7.7)
  - FirebaseCoreDiagnostics (9.5.0):
    - GoogleDataTransport (< 10.0.0, >= 9.1.4)
    - GoogleUtilities/Environment (~> 7.7)
    - GoogleUtilities/Logger (~> 7.7)
    - nanopb (< 2.30910.0, >= 2.30908.0)
  - FirebaseCoreExtension (9.5.0):
    - FirebaseCore (~> 9.0)
  - FirebaseCoreInternal (9.5.0):
    - "GoogleUtilities/NSData+zlib (~> 7.7)"
  - FirebaseDynamicLinks (9.5.0):
    - FirebaseCore (~> 9.0)
  - FirebaseInstallations (9.6.0):
    - FirebaseCore (~> 9.0)
    - GoogleUtilities/Environment (~> 7.7)
    - GoogleUtilities/UserDefaults (~> 7.7)
    - PromisesObjC (~> 2.1)
  - FirebaseStorage (9.5.0):
    - FirebaseAppCheckInterop (~> 9.0)
    - FirebaseAuthInterop (~> 9.0)
    - FirebaseCore (~> 9.0)
    - FirebaseCoreExtension (~> 9.0)
    - FirebaseStorageInternal (~> 9.0)
  - FirebaseStorageInternal (9.5.0):
    - FirebaseCore (~> 9.0)
    - GTMSessionFetcher/Core (< 2.1, >= 1.7)
  - Flutter (1.0.0)
  - flutter_image_compress (1.0.0):
    - Flutter
    - Mantle
    - SDWebImage
    - SDWebImageWebPCoder
  - flutter_native_splash (0.0.1):
    - Flutter
  - fluttertoast (0.0.2):
    - Flutter
    - Toast
  - FMDB (2.7.5):
    - FMDB/standard (= 2.7.5)
  - FMDB/standard (2.7.5)
  - GoogleAppMeasurement (9.5.0):
    - GoogleAppMeasurement/AdIdSupport (= 9.5.0)
    - GoogleUtilities/AppDelegateSwizzler (~> 7.7)
    - GoogleUtilities/MethodSwizzler (~> 7.7)
    - GoogleUtilities/Network (~> 7.7)
    - "GoogleUtilities/NSData+zlib (~> 7.7)"
    - nanopb (< 2.30910.0, >= 2.30908.0)
  - GoogleAppMeasurement/AdIdSupport (9.5.0):
    - GoogleAppMeasurement/WithoutAdIdSupport (= 9.5.0)
    - GoogleUtilities/AppDelegateSwizzler (~> 7.7)
    - GoogleUtilities/MethodSwizzler (~> 7.7)
    - GoogleUtilities/Network (~> 7.7)
    - "GoogleUtilities/NSData+zlib (~> 7.7)"
    - nanopb (< 2.30910.0, >= 2.30908.0)
  - GoogleAppMeasurement/WithoutAdIdSupport (9.5.0):
    - GoogleUtilities/AppDelegateSwizzler (~> 7.7)
    - GoogleUtilities/MethodSwizzler (~> 7.7)
    - GoogleUtilities/Network (~> 7.7)
    - "GoogleUtilities/NSData+zlib (~> 7.7)"
    - nanopb (< 2.30910.0, >= 2.30908.0)
  - GoogleDataTransport (9.2.0):
    - GoogleUtilities/Environment (~> 7.7)
    - nanopb (< 2.30910.0, >= 2.30908.0)
    - PromisesObjC (< 3.0, >= 1.2)
  - GoogleUtilities/AppDelegateSwizzler (7.7.0):
    - GoogleUtilities/Environment
    - GoogleUtilities/Logger
    - GoogleUtilities/Network
  - GoogleUtilities/Environment (7.7.0):
    - PromisesObjC (< 3.0, >= 1.2)
  - GoogleUtilities/Logger (7.7.0):
    - GoogleUtilities/Environment
  - GoogleUtilities/MethodSwizzler (7.7.0):
    - GoogleUtilities/Logger
  - GoogleUtilities/Network (7.7.0):
    - GoogleUtilities/Logger
    - "GoogleUtilities/NSData+zlib"
    - GoogleUtilities/Reachability
  - "GoogleUtilities/NSData+zlib (7.7.0)"
  - GoogleUtilities/Reachability (7.7.0):
    - GoogleUtilities/Logger
  - GoogleUtilities/UserDefaults (7.7.0):
    - GoogleUtilities/Logger
  - GTMSessionFetcher/Core (2.0.0)
  - iamport_flutter (0.0.1):
    - Flutter
  - iamport_webview_flutter (0.0.1):
    - Flutter
  - image_cropper (0.0.4):
    - Flutter
    - TOCropViewController (~> 2.6.1)
  - image_picker_ios (0.0.1):
    - Flutter
  - kakao_flutter_sdk_common (1.2.1):
    - Flutter
  - KakaoSDK (2.9.1):
    - KakaoSDKAuth (= 2.9.1)
    - KakaoSDKCommon (= 2.9.1)
    - KakaoSDKLink (= 2.9.1)
    - KakaoSDKNavi (= 2.9.1)
    - KakaoSDKStory (= 2.9.1)
    - KakaoSDKTalk (= 2.9.1)
    - KakaoSDKTemplate (= 2.9.1)
    - KakaoSDKUser (= 2.9.1)
  - KakaoSDKAuth (2.9.1):
    - KakaoSDKCommon (= 2.9.1)
  - KakaoSDKCommon (2.9.1):
    - KakaoSDKCommon/Common (= 2.9.1)
    - KakaoSDKCommon/Network (= 2.9.1)
  - KakaoSDKCommon/Common (2.9.1)
  - KakaoSDKCommon/Network (2.9.1):
    - Alamofire (~> 5.1)
    - KakaoSDKCommon/Common (= 2.9.1)
  - KakaoSDKLink (2.9.1):
    - KakaoSDKCommon (= 2.9.1)
    - KakaoSDKTemplate (= 2.9.1)
  - KakaoSDKNavi (2.9.1):
    - KakaoSDKCommon/Common (= 2.9.1)
  - KakaoSDKStory (2.9.1):
    - KakaoSDKUser (= 2.9.1)
  - KakaoSDKTalk (2.9.1):
    - KakaoSDKTemplate (= 2.9.1)
    - KakaoSDKUser (= 2.9.1)
  - KakaoSDKTemplate (2.9.1):
    - KakaoSDKCommon/Common (= 2.9.1)
  - KakaoSDKUser (2.9.1):
    - KakaoSDKAuth (= 2.9.1)
  - libwebp (1.2.3):
    - libwebp/demux (= 1.2.3)
    - libwebp/mux (= 1.2.3)
    - libwebp/webp (= 1.2.3)
  - libwebp/demux (1.2.3):
    - libwebp/webp
  - libwebp/mux (1.2.3):
    - libwebp/demux
  - libwebp/webp (1.2.3)
  - Mantle (2.2.0):
    - Mantle/extobjc (= 2.2.0)
  - Mantle/extobjc (2.2.0)
  - nanopb (2.30909.0):
    - nanopb/decode (= 2.30909.0)
    - nanopb/encode (= 2.30909.0)
  - nanopb/decode (2.30909.0)
  - nanopb/encode (2.30909.0)
  - package_info_plus (0.4.5):
    - Flutter
  - path_provider_ios (0.0.1):
    - Flutter
  - PromisesObjC (2.1.1)
  - SDWebImage (5.13.2):
    - SDWebImage/Core (= 5.13.2)
  - SDWebImage/Core (5.13.2)
  - SDWebImageWebPCoder (0.9.0):
    - libwebp (~> 1.0)
    - SDWebImage/Core (~> 5.13)
  - share_plus (0.0.1):
    - Flutter
  - shared_preferences_ios (0.0.1):
    - Flutter
  - sign_in_with_apple (0.0.1):
    - Flutter
  - sqflite (0.0.2):
    - Flutter
    - FMDB (>= 2.7.5)
  - Toast (4.0.0)
  - TOCropViewController (2.6.1)
  - uni_links (0.0.1):
    - Flutter
  - url_launcher_ios (0.0.1):
    - Flutter
  - webview_flutter_wkwebview (0.0.1):
    - Flutter

DEPENDENCIES:
  - firebase_analytics (from `.symlinks/plugins/firebase_analytics/ios`)
  - firebase_core (from `.symlinks/plugins/firebase_core/ios`)
  - firebase_dynamic_links (from `.symlinks/plugins/firebase_dynamic_links/ios`)
  - firebase_storage (from `.symlinks/plugins/firebase_storage/ios`)
  - Flutter (from `Flutter`)
  - flutter_image_compress (from `.symlinks/plugins/flutter_image_compress/ios`)
  - flutter_native_splash (from `.symlinks/plugins/flutter_native_splash/ios`)
  - fluttertoast (from `.symlinks/plugins/fluttertoast/ios`)
  - iamport_flutter (from `.symlinks/plugins/iamport_flutter/ios`)
  - iamport_webview_flutter (from `.symlinks/plugins/iamport_webview_flutter/ios`)
  - image_cropper (from `.symlinks/plugins/image_cropper/ios`)
  - image_picker_ios (from `.symlinks/plugins/image_picker_ios/ios`)
  - kakao_flutter_sdk_common (from `.symlinks/plugins/kakao_flutter_sdk_common/ios`)
  - KakaoSDK
  - package_info_plus (from `.symlinks/plugins/package_info_plus/ios`)
  - path_provider_ios (from `.symlinks/plugins/path_provider_ios/ios`)
  - share_plus (from `.symlinks/plugins/share_plus/ios`)
  - shared_preferences_ios (from `.symlinks/plugins/shared_preferences_ios/ios`)
  - sign_in_with_apple (from `.symlinks/plugins/sign_in_with_apple/ios`)
  - sqflite (from `.symlinks/plugins/sqflite/ios`)
  - uni_links (from `.symlinks/plugins/uni_links/ios`)
  - url_launcher_ios (from `.symlinks/plugins/url_launcher_ios/ios`)
  - webview_flutter_wkwebview (from `.symlinks/plugins/webview_flutter_wkwebview/ios`)

SPEC REPOS:
  trunk:
    - Alamofire
    - Firebase
    - FirebaseAnalytics
    - FirebaseAppCheckInterop
    - FirebaseAuthInterop
    - FirebaseCore
    - FirebaseCoreDiagnostics
    - FirebaseCoreExtension
    - FirebaseCoreInternal
    - FirebaseDynamicLinks
    - FirebaseInstallations
    - FirebaseStorage
    - FirebaseStorageInternal
    - FMDB
    - GoogleAppMeasurement
    - GoogleDataTransport
    - GoogleUtilities
    - GTMSessionFetcher
    - KakaoSDK
    - KakaoSDKAuth
    - KakaoSDKCommon
    - KakaoSDKLink
    - KakaoSDKNavi
    - KakaoSDKStory
    - KakaoSDKTalk
    - KakaoSDKTemplate
    - KakaoSDKUser
    - libwebp
    - Mantle
    - nanopb
    - PromisesObjC
    - SDWebImage
    - SDWebImageWebPCoder
    - Toast
    - TOCropViewController

EXTERNAL SOURCES:
  firebase_analytics:
    :path: ".symlinks/plugins/firebase_analytics/ios"
  firebase_core:
    :path: ".symlinks/plugins/firebase_core/ios"
  firebase_dynamic_links:
    :path: ".symlinks/plugins/firebase_dynamic_links/ios"
  firebase_storage:
    :path: ".symlinks/plugins/firebase_storage/ios"
  Flutter:
    :path: Flutter
  flutter_image_compress:
    :path: ".symlinks/plugins/flutter_image_compress/ios"
  flutter_native_splash:
    :path: ".symlinks/plugins/flutter_native_splash/ios"
  fluttertoast:
    :path: ".symlinks/plugins/fluttertoast/ios"
  iamport_flutter:
    :path: ".symlinks/plugins/iamport_flutter/ios"
  iamport_webview_flutter:
    :path: ".symlinks/plugins/iamport_webview_flutter/ios"
  image_cropper:
    :path: ".symlinks/plugins/image_cropper/ios"
  image_picker_ios:
    :path: ".symlinks/plugins/image_picker_ios/ios"
  kakao_flutter_sdk_common:
    :path: ".symlinks/plugins/kakao_flutter_sdk_common/ios"
  package_info_plus:
    :path: ".symlinks/plugins/package_info_plus/ios"
  path_provider_ios:
    :path: ".symlinks/plugins/path_provider_ios/ios"
  share_plus:
    :path: ".symlinks/plugins/share_plus/ios"
  shared_preferences_ios:
    :path: ".symlinks/plugins/shared_preferences_ios/ios"
  sign_in_with_apple:
    :path: ".symlinks/plugins/sign_in_with_apple/ios"
  sqflite:
    :path: ".symlinks/plugins/sqflite/ios"
  uni_links:
    :path: ".symlinks/plugins/uni_links/ios"
  url_launcher_ios:
    :path: ".symlinks/plugins/url_launcher_ios/ios"
  webview_flutter_wkwebview:
    :path: ".symlinks/plugins/webview_flutter_wkwebview/ios"

SPEC CHECKSUMS:
  Alamofire: 87bd8c952f9a4454320fce00d9cc3de57bcadaf5
  Firebase: 800f16f07af493d98d017446a315c27af0552f41
  firebase_analytics: 2ba886ecb9ded97cfe24f1765e1aa22075894709
  firebase_core: 31872a49ffe0bf6f834e7044c7334e433536735a
  firebase_dynamic_links: 1fa2f4acd17d6093ac0e8ce70acaaa2620e2f79b
  firebase_storage: e81dc988f10c31c4ec1b1c79719ad679795b531d
  FirebaseAnalytics: 1b60984a408320dda637306f3f733699ef8473d7
  FirebaseAppCheckInterop: 8e95b4329809e3c06fb425acb3839dcadfe23673
  FirebaseAuthInterop: c5aa97b55a87785e22c60c73996c1ad32e5f7ac9
  FirebaseCore: 25c0400b670fd1e2f2104349cd3b5dcce8d9418f
  FirebaseCoreDiagnostics: 17cbf4e72b1dbd64bfdc33d4b1f07bce4f16f1d8
  FirebaseCoreExtension: 2904492b693a6871ddbd1088c9d1fe6e54384050
  FirebaseCoreInternal: 50a8e39cae8abf72d5145d07ea34c3244f70862b
  FirebaseDynamicLinks: e2805928aefebd742288161f99469ab84d4aa8c8
  FirebaseInstallations: 0a115432c4e223c5ab20b0dbbe4cbefa793a0e8e
  FirebaseStorage: a806d9f9eededf6fb1d906e79221b83ada1dbb4f
  FirebaseStorageInternal: 4f8a9e27391a99ac0692adbbd072fe0e5c4125fe
  Flutter: f04841e97a9d0b0a8025694d0796dd46242b2854
  flutter_image_compress: 5a5e9aee05b6553048b8df1c3bc456d0afaac433
  flutter_native_splash: 52501b97d1c0a5f898d687f1646226c1f93c56ef
  fluttertoast: 16fbe6039d06a763f3533670197d01fc73459037
  FMDB: 2ce00b547f966261cd18927a3ddb07cb6f3db82a
  GoogleAppMeasurement: 6ee231473fbd75c11221dfce489894334024eead
  GoogleDataTransport: 1c8145da7117bd68bbbed00cf304edb6a24de00f
  GoogleUtilities: e0913149f6b0625b553d70dae12b49fc62914fd1
  GTMSessionFetcher: 681175626052e03fdde7952f7e9c7a9785719506
  iamport_flutter: f698983444b7c0f83e356407631cfeec77a776bf
  iamport_webview_flutter: 70dbc31045e4cf7a0c829b76c6f8319dc94b299e
  image_cropper: 60c2789d1f1a78c873235d4319ca0c34a69f2d98
  image_picker_ios: b786a5dcf033a8336a657191401bfdf12017dabb
  kakao_flutter_sdk_common: 3113c6a6747b2a88b484a1de798debfb01e5c5c1
  KakaoSDK: 863b75c045a01065faf1dd67393b62dfe2b4ce3a
  KakaoSDKAuth: 8ec514e64f57f405735e92483fdae1cc2830d351
  KakaoSDKCommon: c4b08131fdba6770a280ffe83916048174f329bf
  KakaoSDKLink: d138ac61dc3103d15f5b3ceafae9a29073b04bd4
  KakaoSDKNavi: 2bf83faa1a841467d7f398c714652cb5b0e22611
  KakaoSDKStory: 423a381e0e9686c2b4e3058f0fc62befa4bc73bd
  KakaoSDKTalk: b4ba0628c770e1781307296b1ccaabec34327799
  KakaoSDKTemplate: 816a1c24855b30f1ad337e754963c8b17ad5053d
  KakaoSDKUser: 3b82c8f4b7bdd8584b296cf91d1be4b4a84102fb
  libwebp: 60305b2e989864154bd9be3d772730f08fc6a59c
  Mantle: c5aa8794a29a022dfbbfc9799af95f477a69b62d
  nanopb: b552cce312b6c8484180ef47159bc0f65a1f0431
  package_info_plus: 6c92f08e1f853dc01228d6f553146438dafcd14e
  path_provider_ios: 14f3d2fd28c4fdb42f44e0f751d12861c43cee02
  PromisesObjC: ab77feca74fa2823e7af4249b8326368e61014cb
  SDWebImage: 72f86271a6f3139cc7e4a89220946489d4b9a866
  SDWebImageWebPCoder: 3dc350894112feab5375cfba9ce0986544a66a69
  share_plus: 056a1e8ac890df3e33cb503afffaf1e9b4fbae68
  shared_preferences_ios: 548a61f8053b9b8a49ac19c1ffbc8b92c50d68ad
  sign_in_with_apple: f3bf75217ea4c2c8b91823f225d70230119b8440
  sqflite: 6d358c025f5b867b29ed92fc697fd34924e11904
  Toast: 91b396c56ee72a5790816f40d3a94dd357abc196
  TOCropViewController: edfd4f25713d56905ad1e0b9f5be3fbe0f59c863
  uni_links: d97da20c7701486ba192624d99bffaaffcfc298a
  url_launcher_ios: 839c58cdb4279282219f5e248c3321761ff3c4de
  webview_flutter_wkwebview: b7e70ef1ddded7e69c796c7390ee74180182971f

PODFILE CHECKSUM: f5d1b5c6e793b5e00c94ec79cae4ad293e907562

COCOAPODS: 1.11.3
